
Microsoft Visual Studio Solution File, Format Version 12.00
# Visual Studio Version 16
VisualStudioVersion = 16.0.30717.126
MinimumVisualStudioVersion = 10.0.40219.1
Project("{2150E333-8FDC-42A3-9474-1A3956D46DE8}") = "src", "src", "{2B3D4929-A22D-4229-8440-D9E7B6C3E0E8}"
EndProject
Project("{2150E333-8FDC-42A3-9474-1A3956D46DE8}") = "tests", "tests", "{164314CF-3529-4337-8685-DF19BADF13D3}"
EndProject
Project("{FAE04EC0-301F-11D3-BF4B-00C04F79EFBC}") = "Hermes.Informant.Api", "src\Hermes.Informant.Api\Hermes.Informant.Api.csproj", "{C5E92F9A-D67F-4B35-9930-816C15C1CDDC}"
EndProject
Global
	GlobalSection(SolutionConfigurationPlatforms) = preSolution
		Debug|Any CPU = Debug|Any CPU
		Release|Any CPU = Release|Any CPU
	EndGlobalSection
	GlobalSection(ProjectConfigurationPlatforms) = postSolution
		{C5E92F9A-D67F-4B35-9930-816C15C1CDDC}.Debug|Any CPU.ActiveCfg = Debug|Any CPU
		{C5E92F9A-D67F-4B35-9930-816C15C1CDDC}.Debug|Any CPU.Build.0 = Debug|Any CPU
		{C5E92F9A-D67F-4B35-9930-816C15C1CDDC}.Release|Any CPU.ActiveCfg = Release|Any CPU
		{C5E92F9A-D67F-4B35-9930-816C15C1CDDC}.Release|Any CPU.Build.0 = Release|Any CPU
	EndGlobalSection
	GlobalSection(SolutionProperties) = preSolution
		HideSolutionNode = FALSE
	EndGlobalSection
	GlobalSection(NestedProjects) = preSolution
		{C5E92F9A-D67F-4B35-9930-816C15C1CDDC} = {2B3D4929-A22D-4229-8440-D9E7B6C3E0E8}
	EndGlobalSection
	GlobalSection(ExtensibilityGlobals) = postSolution
		SolutionGuid = {BA2B4257-A771-416B-9A67-4064565C2857}
	EndGlobalSection
EndGlobal
